
Microsoft Visual Studio Solution File, Format Version 12.00
# Visual Studio Version 17
VisualStudioVersion = 17.12.35527.113 d17.12
MinimumVisualStudioVersion = 10.0.40219.1
Project("{FAE04EC0-301F-11D3-BF4B-00C04F79EFBC}") = "CustomerManagementUI", "CustomerManagementUI\CustomerManagementUI.csproj", "{C134ACD7-C20B-4BC0-8A3D-695F0F97DC93}"
EndProject
Project("{FAE04EC0-301F-11D3-BF4B-00C04F79EFBC}") = "CustomerManagementLibrary", "CustomerManagementLibrary\CustomerManagementLibrary.csproj", "{8678D2F3-C2E1-4208-991A-A5E26592B0A6}"
EndProject
Global
	GlobalSection(SolutionConfigurationPlatforms) = preSolution
		Debug|Any CPU = Debug|Any CPU
		Release|Any CPU = Release|Any CPU
	EndGlobalSection
	GlobalSection(ProjectConfigurationPlatforms) = postSolution
		{C134ACD7-C20B-4BC0-8A3D-695F0F97DC93}.Debug|Any CPU.ActiveCfg = Debug|Any CPU
		{C134ACD7-C20B-4BC0-8A3D-695F0F97DC93}.Debug|Any CPU.Build.0 = Debug|Any CPU
		{C134ACD7-C20B-4BC0-8A3D-695F0F97DC93}.Release|Any CPU.ActiveCfg = Release|Any CPU
		{C134ACD7-C20B-4BC0-8A3D-695F0F97DC93}.Release|Any CPU.Build.0 = Release|Any CPU
		{8678D2F3-C2E1-4208-991A-A5E26592B0A6}.Debug|Any CPU.ActiveCfg = Debug|Any CPU
		{8678D2F3-C2E1-4208-991A-A5E26592B0A6}.Debug|Any CPU.Build.0 = Debug|Any CPU
		{8678D2F3-C2E1-4208-991A-A5E26592B0A6}.Release|Any CPU.ActiveCfg = Release|Any CPU
		{8678D2F3-C2E1-4208-991A-A5E26592B0A6}.Release|Any CPU.Build.0 = Release|Any CPU
	EndGlobalSection
	GlobalSection(SolutionProperties) = preSolution
		HideSolutionNode = FALSE
	EndGlobalSection
EndGlobal
